### ***
### WARNING: DO NOT manually EDIT or MERGE this file, it is generated by 'make packages.lock'.
### INSTEAD: Edit or merge the source in this directory then run 'make packages.lock'.
### ***
packages:
  - BUILD_TAGS: vault
    CGOENABLED: '0'
    GO111MODULE: 'off'
    GO_VERSION: 1.12.13
    PRODUCT_EDITION: ''
    PRODUCT_NAME: vault
    PRODUCT_VERSION: 0.0.0-snapshot
    YARN_VERSION: 1.19.1-1
    GOOS: darwin
    GOARCH: 386
    BUNDLE_NAME: vault_0.0.0-snapshot
    PRODUCT_VERSION_PRE: snapshot
    BUILD_JOB_NAME: package_darwin_386
    PACKAGE_NAME: vault_0.0.0-snapshot_darwin_386
    PRODUCT_VERSION_MMP: 0.0.0
    LAYER_CHECKSUMS:
      - 25e9840bf289aaf9dd6e86ac9c7be90009517f66cbc9efbb385ed676efef9ed9
      - 246d7eef3c85dfaba9ae31ffb25d5e52a864121c527907337bd6e5688a49b7aa
      - 778061c2b8e11b2550d4dae696decb960c312b34f4f7c0934fca9fe7a4c39817
      - 7e16e7cb2b063e5aa8a9127c279deacef009efca50ad10793ae43701a17a0b1c
    PACKAGE_SPEC_ID: 5d572bb7669c064ae68314154fb746c6d3a5ab01f539f210f60b20e837ded2a2
  - BUILD_TAGS: vault
    CGOENABLED: '0'
    GO111MODULE: 'off'
    GO_VERSION: 1.12.13
    PRODUCT_EDITION: ''
    PRODUCT_NAME: vault
    PRODUCT_VERSION: 0.0.0-snapshot
    YARN_VERSION: 1.19.1-1
    GOOS: darwin
    GOARCH: amd64
    BUNDLE_NAME: vault_0.0.0-snapshot
    PRODUCT_VERSION_PRE: snapshot
    BUILD_JOB_NAME: package_darwin_amd64
    PACKAGE_NAME: vault_0.0.0-snapshot_darwin_amd64
    PRODUCT_VERSION_MMP: 0.0.0
    LAYER_CHECKSUMS:
      - 25e9840bf289aaf9dd6e86ac9c7be90009517f66cbc9efbb385ed676efef9ed9
      - 246d7eef3c85dfaba9ae31ffb25d5e52a864121c527907337bd6e5688a49b7aa
      - 778061c2b8e11b2550d4dae696decb960c312b34f4f7c0934fca9fe7a4c39817
      - 7e16e7cb2b063e5aa8a9127c279deacef009efca50ad10793ae43701a17a0b1c
    PACKAGE_SPEC_ID: 7995683fa9ec14078baa327cefd9d15453d3f519d55da4d48e8637414feab9ce
  - BUILD_TAGS: vault
    CGOENABLED: '0'
    GO111MODULE: 'off'
    GO_VERSION: 1.12.13
    PRODUCT_EDITION: ''
    PRODUCT_NAME: vault
    PRODUCT_VERSION: 0.0.0-snapshot
    YARN_VERSION: 1.19.1-1
    GOOS: freebsd
    GOARCH: 386
    BUNDLE_NAME: vault_0.0.0-snapshot
    PRODUCT_VERSION_PRE: snapshot
    BUILD_JOB_NAME: package_freebsd_386
    PACKAGE_NAME: vault_0.0.0-snapshot_freebsd_386
    PRODUCT_VERSION_MMP: 0.0.0
    LAYER_CHECKSUMS:
      - 25e9840bf289aaf9dd6e86ac9c7be90009517f66cbc9efbb385ed676efef9ed9
      - 246d7eef3c85dfaba9ae31ffb25d5e52a864121c527907337bd6e5688a49b7aa
      - 778061c2b8e11b2550d4dae696decb960c312b34f4f7c0934fca9fe7a4c39817
      - 7e16e7cb2b063e5aa8a9127c279deacef009efca50ad10793ae43701a17a0b1c
    PACKAGE_SPEC_ID: 15c27d11fca2730cd8a567f351e0a3eade1737bbab6860886dca6f42888a16a6
  - BUILD_TAGS: vault
    CGOENABLED: '0'
    GO111MODULE: 'off'
    GO_VERSION: 1.12.13
    PRODUCT_EDITION: ''
    PRODUCT_NAME: vault
    PRODUCT_VERSION: 0.0.0-snapshot
    YARN_VERSION: 1.19.1-1
    GOOS: freebsd
    GOARCH: amd64
    BUNDLE_NAME: vault_0.0.0-snapshot
    PRODUCT_VERSION_PRE: snapshot
    BUILD_JOB_NAME: package_freebsd_amd64
    PACKAGE_NAME: vault_0.0.0-snapshot_freebsd_amd64
    PRODUCT_VERSION_MMP: 0.0.0
    LAYER_CHECKSUMS:
      - 25e9840bf289aaf9dd6e86ac9c7be90009517f66cbc9efbb385ed676efef9ed9
      - 246d7eef3c85dfaba9ae31ffb25d5e52a864121c527907337bd6e5688a49b7aa
      - 778061c2b8e11b2550d4dae696decb960c312b34f4f7c0934fca9fe7a4c39817
      - 7e16e7cb2b063e5aa8a9127c279deacef009efca50ad10793ae43701a17a0b1c
    PACKAGE_SPEC_ID: 6302a5a6452bfef24a522e70276d09818220a32727797107622827401cc8ec37
  - BUILD_TAGS: vault
    CGOENABLED: '0'
    GO111MODULE: 'off'
    GO_VERSION: 1.12.13
    PRODUCT_EDITION: ''
    PRODUCT_NAME: vault
    PRODUCT_VERSION: 0.0.0-snapshot
    YARN_VERSION: 1.19.1-1
    GOOS: freebsd
    GOARCH: arm
    BUNDLE_NAME: vault_0.0.0-snapshot
    PRODUCT_VERSION_PRE: snapshot
    BUILD_JOB_NAME: package_freebsd_arm
    PACKAGE_NAME: vault_0.0.0-snapshot_freebsd_arm
    PRODUCT_VERSION_MMP: 0.0.0
    LAYER_CHECKSUMS:
      - 25e9840bf289aaf9dd6e86ac9c7be90009517f66cbc9efbb385ed676efef9ed9
      - 246d7eef3c85dfaba9ae31ffb25d5e52a864121c527907337bd6e5688a49b7aa
      - 778061c2b8e11b2550d4dae696decb960c312b34f4f7c0934fca9fe7a4c39817
      - 7e16e7cb2b063e5aa8a9127c279deacef009efca50ad10793ae43701a17a0b1c
    PACKAGE_SPEC_ID: e971e43fdef10e2f63877fc3a5875784d0577aa82c863a77af7168599edf09d8
  - BUILD_TAGS: vault
    CGOENABLED: '0'
    GO111MODULE: 'off'
    GO_VERSION: 1.12.13
    PRODUCT_EDITION: ''
    PRODUCT_NAME: vault
    PRODUCT_VERSION: 0.0.0-snapshot
    YARN_VERSION: 1.19.1-1
    GOOS: linux
    GOARCH: 386
    BUNDLE_NAME: vault_0.0.0-snapshot
    PRODUCT_VERSION_PRE: snapshot
    BUILD_JOB_NAME: package_linux_386
    PACKAGE_NAME: vault_0.0.0-snapshot_linux_386
    PRODUCT_VERSION_MMP: 0.0.0
    LAYER_CHECKSUMS:
      - 25e9840bf289aaf9dd6e86ac9c7be90009517f66cbc9efbb385ed676efef9ed9
      - 246d7eef3c85dfaba9ae31ffb25d5e52a864121c527907337bd6e5688a49b7aa
      - 778061c2b8e11b2550d4dae696decb960c312b34f4f7c0934fca9fe7a4c39817
      - 7e16e7cb2b063e5aa8a9127c279deacef009efca50ad10793ae43701a17a0b1c
    PACKAGE_SPEC_ID: ea636ba2507e2b99f4ff6f3721ea817d9713738a74bf19cf8520cbc547e7b3f2
  - BUILD_TAGS: vault
    CGOENABLED: '0'
    GO111MODULE: 'off'
    GO_VERSION: 1.12.13
    PRODUCT_EDITION: ''
    PRODUCT_NAME: vault
    PRODUCT_VERSION: 0.0.0-snapshot
    YARN_VERSION: 1.19.1-1
    GOOS: linux
    GOARCH: amd64
    BUNDLE_NAME: vault_0.0.0-snapshot
    PRODUCT_VERSION_PRE: snapshot
    BUILD_JOB_NAME: package_linux_amd64
    PACKAGE_NAME: vault_0.0.0-snapshot_linux_amd64
    PRODUCT_VERSION_MMP: 0.0.0
    LAYER_CHECKSUMS:
      - 25e9840bf289aaf9dd6e86ac9c7be90009517f66cbc9efbb385ed676efef9ed9
      - 246d7eef3c85dfaba9ae31ffb25d5e52a864121c527907337bd6e5688a49b7aa
      - 778061c2b8e11b2550d4dae696decb960c312b34f4f7c0934fca9fe7a4c39817
      - 7e16e7cb2b063e5aa8a9127c279deacef009efca50ad10793ae43701a17a0b1c
    PACKAGE_SPEC_ID: 04d0c8eb66a39232e8e8eac0358638171b29961ccedccd12bf0d225fab9d317f
  - BUILD_TAGS: vault
    CGOENABLED: '0'
    GO111MODULE: 'off'
    GO_VERSION: 1.12.13
    PRODUCT_EDITION: ''
    PRODUCT_NAME: vault
    PRODUCT_VERSION: 0.0.0-snapshot
    YARN_VERSION: 1.19.1-1
    GOOS: linux
    GOARCH: arm
    BUNDLE_NAME: vault_0.0.0-snapshot
    PRODUCT_VERSION_PRE: snapshot
    BUILD_JOB_NAME: package_linux_arm
    PACKAGE_NAME: vault_0.0.0-snapshot_linux_arm
    PRODUCT_VERSION_MMP: 0.0.0
    LAYER_CHECKSUMS:
      - 25e9840bf289aaf9dd6e86ac9c7be90009517f66cbc9efbb385ed676efef9ed9
      - 246d7eef3c85dfaba9ae31ffb25d5e52a864121c527907337bd6e5688a49b7aa
      - 778061c2b8e11b2550d4dae696decb960c312b34f4f7c0934fca9fe7a4c39817
      - 7e16e7cb2b063e5aa8a9127c279deacef009efca50ad10793ae43701a17a0b1c
    PACKAGE_SPEC_ID: 6028ad75d075f1395666fb178e0f0d251185a46e5e66871915c78234810d0ed4
  - BUILD_TAGS: vault
    CGOENABLED: '0'
    GO111MODULE: 'off'
    GO_VERSION: 1.12.13
    PRODUCT_EDITION: ''
    PRODUCT_NAME: vault
    PRODUCT_VERSION: 0.0.0-snapshot
    YARN_VERSION: 1.19.1-1
    GOOS: linux
    GOARCH: arm64
    BUNDLE_NAME: vault_0.0.0-snapshot
    PRODUCT_VERSION_PRE: snapshot
    BUILD_JOB_NAME: package_linux_arm64
    PACKAGE_NAME: vault_0.0.0-snapshot_linux_arm64
    PRODUCT_VERSION_MMP: 0.0.0
    LAYER_CHECKSUMS:
      - 25e9840bf289aaf9dd6e86ac9c7be90009517f66cbc9efbb385ed676efef9ed9
      - 246d7eef3c85dfaba9ae31ffb25d5e52a864121c527907337bd6e5688a49b7aa
      - 778061c2b8e11b2550d4dae696decb960c312b34f4f7c0934fca9fe7a4c39817
      - 7e16e7cb2b063e5aa8a9127c279deacef009efca50ad10793ae43701a17a0b1c
    PACKAGE_SPEC_ID: f63fd40b156b93a40811bde7504c6f034133f25e62a42fc41491e5acefa09be0
  - BUILD_TAGS: vault
    CGOENABLED: '0'
    GO111MODULE: 'off'
    GO_VERSION: 1.12.13
    PRODUCT_EDITION: ''
    PRODUCT_NAME: vault
    PRODUCT_VERSION: 0.0.0-snapshot
    YARN_VERSION: 1.19.1-1
    GOOS: netbsd
    GOARCH: 386
    BUNDLE_NAME: vault_0.0.0-snapshot
    PRODUCT_VERSION_PRE: snapshot
    BUILD_JOB_NAME: package_netbsd_386
    PACKAGE_NAME: vault_0.0.0-snapshot_netbsd_386
    PRODUCT_VERSION_MMP: 0.0.0
    LAYER_CHECKSUMS:
      - 25e9840bf289aaf9dd6e86ac9c7be90009517f66cbc9efbb385ed676efef9ed9
      - 246d7eef3c85dfaba9ae31ffb25d5e52a864121c527907337bd6e5688a49b7aa
      - 778061c2b8e11b2550d4dae696decb960c312b34f4f7c0934fca9fe7a4c39817
      - 7e16e7cb2b063e5aa8a9127c279deacef009efca50ad10793ae43701a17a0b1c
    PACKAGE_SPEC_ID: 3e6be1f8374431c75c85dffe45c12eb9ccebde1ff31338b512035c542b03bad6
  - BUILD_TAGS: vault
    CGOENABLED: '0'
    GO111MODULE: 'off'
    GO_VERSION: 1.12.13
    PRODUCT_EDITION: ''
    PRODUCT_NAME: vault
    PRODUCT_VERSION: 0.0.0-snapshot
    YARN_VERSION: 1.19.1-1
    GOOS: netbsd
    GOARCH: amd64
    BUNDLE_NAME: vault_0.0.0-snapshot
    PRODUCT_VERSION_PRE: snapshot
    BUILD_JOB_NAME: package_netbsd_amd64
    PACKAGE_NAME: vault_0.0.0-snapshot_netbsd_amd64
    PRODUCT_VERSION_MMP: 0.0.0
    LAYER_CHECKSUMS:
      - 25e9840bf289aaf9dd6e86ac9c7be90009517f66cbc9efbb385ed676efef9ed9
      - 246d7eef3c85dfaba9ae31ffb25d5e52a864121c527907337bd6e5688a49b7aa
      - 778061c2b8e11b2550d4dae696decb960c312b34f4f7c0934fca9fe7a4c39817
      - 7e16e7cb2b063e5aa8a9127c279deacef009efca50ad10793ae43701a17a0b1c
    PACKAGE_SPEC_ID: 80e467307808d294e3af83b768429f22a4058e554d5a168564cb9d439b902d09
  - BUILD_TAGS: vault
    CGOENABLED: '0'
    GO111MODULE: 'off'
    GO_VERSION: 1.12.13
    PRODUCT_EDITION: ''
    PRODUCT_NAME: vault
    PRODUCT_VERSION: 0.0.0-snapshot
    YARN_VERSION: 1.19.1-1
    GOOS: openbsd
    GOARCH: 386
    BUNDLE_NAME: vault_0.0.0-snapshot
    PRODUCT_VERSION_PRE: snapshot
    BUILD_JOB_NAME: package_openbsd_386
    PACKAGE_NAME: vault_0.0.0-snapshot_openbsd_386
    PRODUCT_VERSION_MMP: 0.0.0
    LAYER_CHECKSUMS:
      - 25e9840bf289aaf9dd6e86ac9c7be90009517f66cbc9efbb385ed676efef9ed9
      - 246d7eef3c85dfaba9ae31ffb25d5e52a864121c527907337bd6e5688a49b7aa
      - 778061c2b8e11b2550d4dae696decb960c312b34f4f7c0934fca9fe7a4c39817
      - 7e16e7cb2b063e5aa8a9127c279deacef009efca50ad10793ae43701a17a0b1c
    PACKAGE_SPEC_ID: b5ca1097bacd701aa29d5b56041359f4cc8da59dce1a8c658b8e7085d9a61551
  - BUILD_TAGS: vault
    CGOENABLED: '0'
    GO111MODULE: 'off'
    GO_VERSION: 1.12.13
    PRODUCT_EDITION: ''
    PRODUCT_NAME: vault
    PRODUCT_VERSION: 0.0.0-snapshot
    YARN_VERSION: 1.19.1-1
    GOOS: openbsd
    GOARCH: amd64
    BUNDLE_NAME: vault_0.0.0-snapshot
    PRODUCT_VERSION_PRE: snapshot
    BUILD_JOB_NAME: package_openbsd_amd64
    PACKAGE_NAME: vault_0.0.0-snapshot_openbsd_amd64
    PRODUCT_VERSION_MMP: 0.0.0
    LAYER_CHECKSUMS:
      - 25e9840bf289aaf9dd6e86ac9c7be90009517f66cbc9efbb385ed676efef9ed9
      - 246d7eef3c85dfaba9ae31ffb25d5e52a864121c527907337bd6e5688a49b7aa
      - 778061c2b8e11b2550d4dae696decb960c312b34f4f7c0934fca9fe7a4c39817
      - 7e16e7cb2b063e5aa8a9127c279deacef009efca50ad10793ae43701a17a0b1c
    PACKAGE_SPEC_ID: bb8cf2b5c098145a53e5151b7e84ec505a4433e22a2cc5cfec602b7ba4b25ec3
  - BUILD_TAGS: vault
    CGOENABLED: '0'
    GO111MODULE: 'off'
    GO_VERSION: 1.12.13
    PRODUCT_EDITION: ''
    PRODUCT_NAME: vault
    PRODUCT_VERSION: 0.0.0-snapshot
    YARN_VERSION: 1.19.1-1
    GOOS: solaris
    GOARCH: amd64
    BUNDLE_NAME: vault_0.0.0-snapshot
    PRODUCT_VERSION_PRE: snapshot
    BUILD_JOB_NAME: package_solaris_amd64
    PACKAGE_NAME: vault_0.0.0-snapshot_solaris_amd64
    PRODUCT_VERSION_MMP: 0.0.0
    LAYER_CHECKSUMS:
      - 25e9840bf289aaf9dd6e86ac9c7be90009517f66cbc9efbb385ed676efef9ed9
      - 246d7eef3c85dfaba9ae31ffb25d5e52a864121c527907337bd6e5688a49b7aa
      - 778061c2b8e11b2550d4dae696decb960c312b34f4f7c0934fca9fe7a4c39817
      - 7e16e7cb2b063e5aa8a9127c279deacef009efca50ad10793ae43701a17a0b1c
    PACKAGE_SPEC_ID: 95fa179224d139276f0a356525a89fdacb958b3a3e5a10cd75e42f66345a1cac
  - BUILD_TAGS: vault
    CGOENABLED: '0'
    GO111MODULE: 'off'
    GO_VERSION: 1.12.13
    PRODUCT_EDITION: ''
    PRODUCT_NAME: vault
    PRODUCT_VERSION: 0.0.0-snapshot
    YARN_VERSION: 1.19.1-1
    GOOS: windows
    GOARCH: 386
    BUNDLE_NAME: vault_0.0.0-snapshot
    PRODUCT_VERSION_PRE: snapshot
    BUILD_JOB_NAME: package_windows_386
    PACKAGE_NAME: vault_0.0.0-snapshot_windows_386
    PRODUCT_VERSION_MMP: 0.0.0
    LAYER_CHECKSUMS:
      - 25e9840bf289aaf9dd6e86ac9c7be90009517f66cbc9efbb385ed676efef9ed9
      - 246d7eef3c85dfaba9ae31ffb25d5e52a864121c527907337bd6e5688a49b7aa
      - 778061c2b8e11b2550d4dae696decb960c312b34f4f7c0934fca9fe7a4c39817
      - 7e16e7cb2b063e5aa8a9127c279deacef009efca50ad10793ae43701a17a0b1c
    PACKAGE_SPEC_ID: 2793b424cd882cac8155e60789109f2f34d4ce24a8e827ba00f6c586df299d1d
  - BUILD_TAGS: vault
    CGOENABLED: '0'
    GO111MODULE: 'off'
    GO_VERSION: 1.12.13
    PRODUCT_EDITION: ''
    PRODUCT_NAME: vault
    PRODUCT_VERSION: 0.0.0-snapshot
    YARN_VERSION: 1.19.1-1
    GOOS: windows
    GOARCH: amd64
    BUNDLE_NAME: vault_0.0.0-snapshot
    PRODUCT_VERSION_PRE: snapshot
    BUILD_JOB_NAME: package_windows_amd64
    PACKAGE_NAME: vault_0.0.0-snapshot_windows_amd64
    PRODUCT_VERSION_MMP: 0.0.0
    LAYER_CHECKSUMS:
      - 25e9840bf289aaf9dd6e86ac9c7be90009517f66cbc9efbb385ed676efef9ed9
      - 246d7eef3c85dfaba9ae31ffb25d5e52a864121c527907337bd6e5688a49b7aa
      - 778061c2b8e11b2550d4dae696decb960c312b34f4f7c0934fca9fe7a4c39817
      - 7e16e7cb2b063e5aa8a9127c279deacef009efca50ad10793ae43701a17a0b1c
    PACKAGE_SPEC_ID: 5abcf751dff93a9101c0da0342377657ddc3dad4fa57d493b9075b52fdcf47bf
