### ***
### WARNING: DO NOT manually EDIT or MERGE this file, it is generated by 'make packages.lock'.
### INSTEAD: Edit or merge the source in this directory then run 'make packages.lock'.
### ***
packages:
  - BINARY_NAME: vault
    BUILD_TAGS: vault
    CGOENABLED: '0'
    GO111MODULE: 'off'
    GO_VERSION: 1.12.13
    PRODUCT_EDITION: ''
    PRODUCT_NAME: vault
    PRODUCT_REVISION: ''
    PRODUCT_VERSION: 0.0.0-snapshot
    YARN_VERSION: 1.19.1-1
    GOOS: darwin
    GOARCH: 386
    BUNDLE_NAME: vault_0.0.0-snapshot
    PRODUCT_VERSION_PRE: snapshot
    BUILD_JOB_NAME: package_darwin_386
    PACKAGE_NAME: vault_0.0.0-snapshot_darwin_386
    PRODUCT_VERSION_MMP: 0.0.0
    BUILDER_CACHE_KEY: cache-base-{{ checksum .buildcache/base-25e9840bf289aaf9dd6e86ac9c7be90009517f66cbc9efbb385ed676efef9ed9-cache-key
      }}-yarn-{{ checksum .buildcache/yarn-246d7eef3c85dfaba9ae31ffb25d5e52a864121c527907337bd6e5688a49b7aa-cache-key
      }}-ui-{{ checksum .buildcache/ui-778061c2b8e11b2550d4dae696decb960c312b34f4f7c0934fca9fe7a4c39817-cache-key
      }}-static-{{ checksum .buildcache/static-7e16e7cb2b063e5aa8a9127c279deacef009efca50ad10793ae43701a17a0b1c-cache-key
      }}
    BUILDER_LAYER_ID: static_7e16e7cb2b063e5aa8a9127c279deacef009efca50ad10793ae43701a17a0b1c
    PACKAGE_SPEC_ID: 56eec8e24e7c5e71adcb214514cf077234ce1f910c6acb226f71cfad9f03208e
  - BINARY_NAME: vault
    BUILD_TAGS: vault
    CGOENABLED: '0'
    GO111MODULE: 'off'
    GO_VERSION: 1.12.13
    PRODUCT_EDITION: ''
    PRODUCT_NAME: vault
    PRODUCT_REVISION: ''
    PRODUCT_VERSION: 0.0.0-snapshot
    YARN_VERSION: 1.19.1-1
    GOOS: darwin
    GOARCH: amd64
    BUNDLE_NAME: vault_0.0.0-snapshot
    PRODUCT_VERSION_PRE: snapshot
    BUILD_JOB_NAME: package_darwin_amd64
    PACKAGE_NAME: vault_0.0.0-snapshot_darwin_amd64
    PRODUCT_VERSION_MMP: 0.0.0
    BUILDER_CACHE_KEY: cache-base-{{ checksum .buildcache/base-25e9840bf289aaf9dd6e86ac9c7be90009517f66cbc9efbb385ed676efef9ed9-cache-key
      }}-yarn-{{ checksum .buildcache/yarn-246d7eef3c85dfaba9ae31ffb25d5e52a864121c527907337bd6e5688a49b7aa-cache-key
      }}-ui-{{ checksum .buildcache/ui-778061c2b8e11b2550d4dae696decb960c312b34f4f7c0934fca9fe7a4c39817-cache-key
      }}-static-{{ checksum .buildcache/static-7e16e7cb2b063e5aa8a9127c279deacef009efca50ad10793ae43701a17a0b1c-cache-key
      }}
    BUILDER_LAYER_ID: static_7e16e7cb2b063e5aa8a9127c279deacef009efca50ad10793ae43701a17a0b1c
    PACKAGE_SPEC_ID: c16fcd94cafdbbd93b04041b82d7f952cf6e76d1664cb45a288996d25f2ee7c6
  - BINARY_NAME: vault
    BUILD_TAGS: vault
    CGOENABLED: '0'
    GO111MODULE: 'off'
    GO_VERSION: 1.12.13
    PRODUCT_EDITION: ''
    PRODUCT_NAME: vault
    PRODUCT_REVISION: ''
    PRODUCT_VERSION: 0.0.0-snapshot
    YARN_VERSION: 1.19.1-1
    GOOS: freebsd
    GOARCH: 386
    BUNDLE_NAME: vault_0.0.0-snapshot
    PRODUCT_VERSION_PRE: snapshot
    BUILD_JOB_NAME: package_freebsd_386
    PACKAGE_NAME: vault_0.0.0-snapshot_freebsd_386
    PRODUCT_VERSION_MMP: 0.0.0
    BUILDER_CACHE_KEY: cache-base-{{ checksum .buildcache/base-25e9840bf289aaf9dd6e86ac9c7be90009517f66cbc9efbb385ed676efef9ed9-cache-key
      }}-yarn-{{ checksum .buildcache/yarn-246d7eef3c85dfaba9ae31ffb25d5e52a864121c527907337bd6e5688a49b7aa-cache-key
      }}-ui-{{ checksum .buildcache/ui-778061c2b8e11b2550d4dae696decb960c312b34f4f7c0934fca9fe7a4c39817-cache-key
      }}-static-{{ checksum .buildcache/static-7e16e7cb2b063e5aa8a9127c279deacef009efca50ad10793ae43701a17a0b1c-cache-key
      }}
    BUILDER_LAYER_ID: static_7e16e7cb2b063e5aa8a9127c279deacef009efca50ad10793ae43701a17a0b1c
    PACKAGE_SPEC_ID: 21a30002539d9d3cf77f99cef581771f802eb9a537210b3e9392fe08d7f6bb26
  - BINARY_NAME: vault
    BUILD_TAGS: vault
    CGOENABLED: '0'
    GO111MODULE: 'off'
    GO_VERSION: 1.12.13
    PRODUCT_EDITION: ''
    PRODUCT_NAME: vault
    PRODUCT_REVISION: ''
    PRODUCT_VERSION: 0.0.0-snapshot
    YARN_VERSION: 1.19.1-1
    GOOS: freebsd
    GOARCH: amd64
    BUNDLE_NAME: vault_0.0.0-snapshot
    PRODUCT_VERSION_PRE: snapshot
    BUILD_JOB_NAME: package_freebsd_amd64
    PACKAGE_NAME: vault_0.0.0-snapshot_freebsd_amd64
    PRODUCT_VERSION_MMP: 0.0.0
    BUILDER_CACHE_KEY: cache-base-{{ checksum .buildcache/base-25e9840bf289aaf9dd6e86ac9c7be90009517f66cbc9efbb385ed676efef9ed9-cache-key
      }}-yarn-{{ checksum .buildcache/yarn-246d7eef3c85dfaba9ae31ffb25d5e52a864121c527907337bd6e5688a49b7aa-cache-key
      }}-ui-{{ checksum .buildcache/ui-778061c2b8e11b2550d4dae696decb960c312b34f4f7c0934fca9fe7a4c39817-cache-key
      }}-static-{{ checksum .buildcache/static-7e16e7cb2b063e5aa8a9127c279deacef009efca50ad10793ae43701a17a0b1c-cache-key
      }}
    BUILDER_LAYER_ID: static_7e16e7cb2b063e5aa8a9127c279deacef009efca50ad10793ae43701a17a0b1c
    PACKAGE_SPEC_ID: 2317cd16639b0c7b59cf51df2fa812e82fe2d367ba6f6451884adcd79f7ac3b7
  - BINARY_NAME: vault
    BUILD_TAGS: vault
    CGOENABLED: '0'
    GO111MODULE: 'off'
    GO_VERSION: 1.12.13
    PRODUCT_EDITION: ''
    PRODUCT_NAME: vault
    PRODUCT_REVISION: ''
    PRODUCT_VERSION: 0.0.0-snapshot
    YARN_VERSION: 1.19.1-1
    GOOS: freebsd
    GOARCH: arm
    BUNDLE_NAME: vault_0.0.0-snapshot
    PRODUCT_VERSION_PRE: snapshot
    BUILD_JOB_NAME: package_freebsd_arm
    PACKAGE_NAME: vault_0.0.0-snapshot_freebsd_arm
    PRODUCT_VERSION_MMP: 0.0.0
    BUILDER_CACHE_KEY: cache-base-{{ checksum .buildcache/base-25e9840bf289aaf9dd6e86ac9c7be90009517f66cbc9efbb385ed676efef9ed9-cache-key
      }}-yarn-{{ checksum .buildcache/yarn-246d7eef3c85dfaba9ae31ffb25d5e52a864121c527907337bd6e5688a49b7aa-cache-key
      }}-ui-{{ checksum .buildcache/ui-778061c2b8e11b2550d4dae696decb960c312b34f4f7c0934fca9fe7a4c39817-cache-key
      }}-static-{{ checksum .buildcache/static-7e16e7cb2b063e5aa8a9127c279deacef009efca50ad10793ae43701a17a0b1c-cache-key
      }}
    BUILDER_LAYER_ID: static_7e16e7cb2b063e5aa8a9127c279deacef009efca50ad10793ae43701a17a0b1c
    PACKAGE_SPEC_ID: 11904d5a4fe6c921e9e2d1eade54b5184ce05ced8d67e9f8dc0d7d81a9c1198d
  - BINARY_NAME: vault
    BUILD_TAGS: vault
    CGOENABLED: '0'
    GO111MODULE: 'off'
    GO_VERSION: 1.12.13
    PRODUCT_EDITION: ''
    PRODUCT_NAME: vault
    PRODUCT_REVISION: ''
    PRODUCT_VERSION: 0.0.0-snapshot
    YARN_VERSION: 1.19.1-1
    GOOS: linux
    GOARCH: 386
    BUNDLE_NAME: vault_0.0.0-snapshot
    PRODUCT_VERSION_PRE: snapshot
    BUILD_JOB_NAME: package_linux_386
    PACKAGE_NAME: vault_0.0.0-snapshot_linux_386
    PRODUCT_VERSION_MMP: 0.0.0
    BUILDER_CACHE_KEY: cache-base-{{ checksum .buildcache/base-25e9840bf289aaf9dd6e86ac9c7be90009517f66cbc9efbb385ed676efef9ed9-cache-key
      }}-yarn-{{ checksum .buildcache/yarn-246d7eef3c85dfaba9ae31ffb25d5e52a864121c527907337bd6e5688a49b7aa-cache-key
      }}-ui-{{ checksum .buildcache/ui-778061c2b8e11b2550d4dae696decb960c312b34f4f7c0934fca9fe7a4c39817-cache-key
      }}-static-{{ checksum .buildcache/static-7e16e7cb2b063e5aa8a9127c279deacef009efca50ad10793ae43701a17a0b1c-cache-key
      }}
    BUILDER_LAYER_ID: static_7e16e7cb2b063e5aa8a9127c279deacef009efca50ad10793ae43701a17a0b1c
    PACKAGE_SPEC_ID: ac8d8cdc0c8932680d51dc351b42ae46f402f21c8b411d342bb783375aac8d10
  - BINARY_NAME: vault
    BUILD_TAGS: vault
    CGOENABLED: '0'
    GO111MODULE: 'off'
    GO_VERSION: 1.12.13
    PRODUCT_EDITION: ''
    PRODUCT_NAME: vault
    PRODUCT_REVISION: ''
    PRODUCT_VERSION: 0.0.0-snapshot
    YARN_VERSION: 1.19.1-1
    GOOS: linux
    GOARCH: amd64
    BUNDLE_NAME: vault_0.0.0-snapshot
    PRODUCT_VERSION_PRE: snapshot
    BUILD_JOB_NAME: package_linux_amd64
    PACKAGE_NAME: vault_0.0.0-snapshot_linux_amd64
    PRODUCT_VERSION_MMP: 0.0.0
    BUILDER_CACHE_KEY: cache-base-{{ checksum .buildcache/base-25e9840bf289aaf9dd6e86ac9c7be90009517f66cbc9efbb385ed676efef9ed9-cache-key
      }}-yarn-{{ checksum .buildcache/yarn-246d7eef3c85dfaba9ae31ffb25d5e52a864121c527907337bd6e5688a49b7aa-cache-key
      }}-ui-{{ checksum .buildcache/ui-778061c2b8e11b2550d4dae696decb960c312b34f4f7c0934fca9fe7a4c39817-cache-key
      }}-static-{{ checksum .buildcache/static-7e16e7cb2b063e5aa8a9127c279deacef009efca50ad10793ae43701a17a0b1c-cache-key
      }}
    BUILDER_LAYER_ID: static_7e16e7cb2b063e5aa8a9127c279deacef009efca50ad10793ae43701a17a0b1c
    PACKAGE_SPEC_ID: 137a8b096920034641077b86db1c4e0f8d46d78b72fb31976e15d94ba6d34be3
  - BINARY_NAME: vault
    BUILD_TAGS: vault
    CGOENABLED: '0'
    GO111MODULE: 'off'
    GO_VERSION: 1.12.13
    PRODUCT_EDITION: ''
    PRODUCT_NAME: vault
    PRODUCT_REVISION: ''
    PRODUCT_VERSION: 0.0.0-snapshot
    YARN_VERSION: 1.19.1-1
    GOOS: linux
    GOARCH: arm
    BUNDLE_NAME: vault_0.0.0-snapshot
    PRODUCT_VERSION_PRE: snapshot
    BUILD_JOB_NAME: package_linux_arm
    PACKAGE_NAME: vault_0.0.0-snapshot_linux_arm
    PRODUCT_VERSION_MMP: 0.0.0
    BUILDER_CACHE_KEY: cache-base-{{ checksum .buildcache/base-25e9840bf289aaf9dd6e86ac9c7be90009517f66cbc9efbb385ed676efef9ed9-cache-key
      }}-yarn-{{ checksum .buildcache/yarn-246d7eef3c85dfaba9ae31ffb25d5e52a864121c527907337bd6e5688a49b7aa-cache-key
      }}-ui-{{ checksum .buildcache/ui-778061c2b8e11b2550d4dae696decb960c312b34f4f7c0934fca9fe7a4c39817-cache-key
      }}-static-{{ checksum .buildcache/static-7e16e7cb2b063e5aa8a9127c279deacef009efca50ad10793ae43701a17a0b1c-cache-key
      }}
    BUILDER_LAYER_ID: static_7e16e7cb2b063e5aa8a9127c279deacef009efca50ad10793ae43701a17a0b1c
    PACKAGE_SPEC_ID: 37ae9a45f2a9351abe3c99d0f4de28344195f60108bf5e6b8b7d8cecab77e96b
  - BINARY_NAME: vault
    BUILD_TAGS: vault
    CGOENABLED: '0'
    GO111MODULE: 'off'
    GO_VERSION: 1.12.13
    PRODUCT_EDITION: ''
    PRODUCT_NAME: vault
    PRODUCT_REVISION: ''
    PRODUCT_VERSION: 0.0.0-snapshot
    YARN_VERSION: 1.19.1-1
    GOOS: linux
    GOARCH: arm64
    BUNDLE_NAME: vault_0.0.0-snapshot
    PRODUCT_VERSION_PRE: snapshot
    BUILD_JOB_NAME: package_linux_arm64
    PACKAGE_NAME: vault_0.0.0-snapshot_linux_arm64
    PRODUCT_VERSION_MMP: 0.0.0
    BUILDER_CACHE_KEY: cache-base-{{ checksum .buildcache/base-25e9840bf289aaf9dd6e86ac9c7be90009517f66cbc9efbb385ed676efef9ed9-cache-key
      }}-yarn-{{ checksum .buildcache/yarn-246d7eef3c85dfaba9ae31ffb25d5e52a864121c527907337bd6e5688a49b7aa-cache-key
      }}-ui-{{ checksum .buildcache/ui-778061c2b8e11b2550d4dae696decb960c312b34f4f7c0934fca9fe7a4c39817-cache-key
      }}-static-{{ checksum .buildcache/static-7e16e7cb2b063e5aa8a9127c279deacef009efca50ad10793ae43701a17a0b1c-cache-key
      }}
    BUILDER_LAYER_ID: static_7e16e7cb2b063e5aa8a9127c279deacef009efca50ad10793ae43701a17a0b1c
    PACKAGE_SPEC_ID: 086924a2e10a33ade055a01c938bb6d1b4afa9ac42997d27cd0afa8c96efbc51
  - BINARY_NAME: vault
    BUILD_TAGS: vault
    CGOENABLED: '0'
    GO111MODULE: 'off'
    GO_VERSION: 1.12.13
    PRODUCT_EDITION: ''
    PRODUCT_NAME: vault
    PRODUCT_REVISION: ''
    PRODUCT_VERSION: 0.0.0-snapshot
    YARN_VERSION: 1.19.1-1
    GOOS: netbsd
    GOARCH: 386
    BUNDLE_NAME: vault_0.0.0-snapshot
    PRODUCT_VERSION_PRE: snapshot
    BUILD_JOB_NAME: package_netbsd_386
    PACKAGE_NAME: vault_0.0.0-snapshot_netbsd_386
    PRODUCT_VERSION_MMP: 0.0.0
    BUILDER_CACHE_KEY: cache-base-{{ checksum .buildcache/base-25e9840bf289aaf9dd6e86ac9c7be90009517f66cbc9efbb385ed676efef9ed9-cache-key
      }}-yarn-{{ checksum .buildcache/yarn-246d7eef3c85dfaba9ae31ffb25d5e52a864121c527907337bd6e5688a49b7aa-cache-key
      }}-ui-{{ checksum .buildcache/ui-778061c2b8e11b2550d4dae696decb960c312b34f4f7c0934fca9fe7a4c39817-cache-key
      }}-static-{{ checksum .buildcache/static-7e16e7cb2b063e5aa8a9127c279deacef009efca50ad10793ae43701a17a0b1c-cache-key
      }}
    BUILDER_LAYER_ID: static_7e16e7cb2b063e5aa8a9127c279deacef009efca50ad10793ae43701a17a0b1c
    PACKAGE_SPEC_ID: 3edd4cf60d25d508e7ca26b694d617ff9e61a686c68d5d4e428f423b96af8914
  - BINARY_NAME: vault
    BUILD_TAGS: vault
    CGOENABLED: '0'
    GO111MODULE: 'off'
    GO_VERSION: 1.12.13
    PRODUCT_EDITION: ''
    PRODUCT_NAME: vault
    PRODUCT_REVISION: ''
    PRODUCT_VERSION: 0.0.0-snapshot
    YARN_VERSION: 1.19.1-1
    GOOS: netbsd
    GOARCH: amd64
    BUNDLE_NAME: vault_0.0.0-snapshot
    PRODUCT_VERSION_PRE: snapshot
    BUILD_JOB_NAME: package_netbsd_amd64
    PACKAGE_NAME: vault_0.0.0-snapshot_netbsd_amd64
    PRODUCT_VERSION_MMP: 0.0.0
    BUILDER_CACHE_KEY: cache-base-{{ checksum .buildcache/base-25e9840bf289aaf9dd6e86ac9c7be90009517f66cbc9efbb385ed676efef9ed9-cache-key
      }}-yarn-{{ checksum .buildcache/yarn-246d7eef3c85dfaba9ae31ffb25d5e52a864121c527907337bd6e5688a49b7aa-cache-key
      }}-ui-{{ checksum .buildcache/ui-778061c2b8e11b2550d4dae696decb960c312b34f4f7c0934fca9fe7a4c39817-cache-key
      }}-static-{{ checksum .buildcache/static-7e16e7cb2b063e5aa8a9127c279deacef009efca50ad10793ae43701a17a0b1c-cache-key
      }}
    BUILDER_LAYER_ID: static_7e16e7cb2b063e5aa8a9127c279deacef009efca50ad10793ae43701a17a0b1c
    PACKAGE_SPEC_ID: d934f72fc92e701ae8f921a1ccf22f8a4cff0fa72bcf6788a71821e227c67454
  - BINARY_NAME: vault
    BUILD_TAGS: vault
    CGOENABLED: '0'
    GO111MODULE: 'off'
    GO_VERSION: 1.12.13
    PRODUCT_EDITION: ''
    PRODUCT_NAME: vault
    PRODUCT_REVISION: ''
    PRODUCT_VERSION: 0.0.0-snapshot
    YARN_VERSION: 1.19.1-1
    GOOS: openbsd
    GOARCH: 386
    BUNDLE_NAME: vault_0.0.0-snapshot
    PRODUCT_VERSION_PRE: snapshot
    BUILD_JOB_NAME: package_openbsd_386
    PACKAGE_NAME: vault_0.0.0-snapshot_openbsd_386
    PRODUCT_VERSION_MMP: 0.0.0
    BUILDER_CACHE_KEY: cache-base-{{ checksum .buildcache/base-25e9840bf289aaf9dd6e86ac9c7be90009517f66cbc9efbb385ed676efef9ed9-cache-key
      }}-yarn-{{ checksum .buildcache/yarn-246d7eef3c85dfaba9ae31ffb25d5e52a864121c527907337bd6e5688a49b7aa-cache-key
      }}-ui-{{ checksum .buildcache/ui-778061c2b8e11b2550d4dae696decb960c312b34f4f7c0934fca9fe7a4c39817-cache-key
      }}-static-{{ checksum .buildcache/static-7e16e7cb2b063e5aa8a9127c279deacef009efca50ad10793ae43701a17a0b1c-cache-key
      }}
    BUILDER_LAYER_ID: static_7e16e7cb2b063e5aa8a9127c279deacef009efca50ad10793ae43701a17a0b1c
    PACKAGE_SPEC_ID: ccc6b46ccc1c10f5a8c94208e21156c69c061b844f03f4e26e3f5671076126f4
  - BINARY_NAME: vault
    BUILD_TAGS: vault
    CGOENABLED: '0'
    GO111MODULE: 'off'
    GO_VERSION: 1.12.13
    PRODUCT_EDITION: ''
    PRODUCT_NAME: vault
    PRODUCT_REVISION: ''
    PRODUCT_VERSION: 0.0.0-snapshot
    YARN_VERSION: 1.19.1-1
    GOOS: openbsd
    GOARCH: amd64
    BUNDLE_NAME: vault_0.0.0-snapshot
    PRODUCT_VERSION_PRE: snapshot
    BUILD_JOB_NAME: package_openbsd_amd64
    PACKAGE_NAME: vault_0.0.0-snapshot_openbsd_amd64
    PRODUCT_VERSION_MMP: 0.0.0
    BUILDER_CACHE_KEY: cache-base-{{ checksum .buildcache/base-25e9840bf289aaf9dd6e86ac9c7be90009517f66cbc9efbb385ed676efef9ed9-cache-key
      }}-yarn-{{ checksum .buildcache/yarn-246d7eef3c85dfaba9ae31ffb25d5e52a864121c527907337bd6e5688a49b7aa-cache-key
      }}-ui-{{ checksum .buildcache/ui-778061c2b8e11b2550d4dae696decb960c312b34f4f7c0934fca9fe7a4c39817-cache-key
      }}-static-{{ checksum .buildcache/static-7e16e7cb2b063e5aa8a9127c279deacef009efca50ad10793ae43701a17a0b1c-cache-key
      }}
    BUILDER_LAYER_ID: static_7e16e7cb2b063e5aa8a9127c279deacef009efca50ad10793ae43701a17a0b1c
    PACKAGE_SPEC_ID: b365e0737d389f592ca90a2ebba315bbdc673fb246a68a3fa810605e4558ee5f
  - BINARY_NAME: vault
    BUILD_TAGS: vault
    CGOENABLED: '0'
    GO111MODULE: 'off'
    GO_VERSION: 1.12.13
    PRODUCT_EDITION: ''
    PRODUCT_NAME: vault
    PRODUCT_REVISION: ''
    PRODUCT_VERSION: 0.0.0-snapshot
    YARN_VERSION: 1.19.1-1
    GOOS: solaris
    GOARCH: amd64
    BUNDLE_NAME: vault_0.0.0-snapshot
    PRODUCT_VERSION_PRE: snapshot
    BUILD_JOB_NAME: package_solaris_amd64
    PACKAGE_NAME: vault_0.0.0-snapshot_solaris_amd64
    PRODUCT_VERSION_MMP: 0.0.0
    BUILDER_CACHE_KEY: cache-base-{{ checksum .buildcache/base-25e9840bf289aaf9dd6e86ac9c7be90009517f66cbc9efbb385ed676efef9ed9-cache-key
      }}-yarn-{{ checksum .buildcache/yarn-246d7eef3c85dfaba9ae31ffb25d5e52a864121c527907337bd6e5688a49b7aa-cache-key
      }}-ui-{{ checksum .buildcache/ui-778061c2b8e11b2550d4dae696decb960c312b34f4f7c0934fca9fe7a4c39817-cache-key
      }}-static-{{ checksum .buildcache/static-7e16e7cb2b063e5aa8a9127c279deacef009efca50ad10793ae43701a17a0b1c-cache-key
      }}
    BUILDER_LAYER_ID: static_7e16e7cb2b063e5aa8a9127c279deacef009efca50ad10793ae43701a17a0b1c
    PACKAGE_SPEC_ID: c7ab39152edf384b53bca4e47bcb5b78e74e786df0980f7f4c955900445a9157
  - BINARY_NAME: vault
    BUILD_TAGS: vault
    CGOENABLED: '0'
    GO111MODULE: 'off'
    GO_VERSION: 1.12.13
    PRODUCT_EDITION: ''
    PRODUCT_NAME: vault
    PRODUCT_REVISION: ''
    PRODUCT_VERSION: 0.0.0-snapshot
    YARN_VERSION: 1.19.1-1
    GOOS: windows
    GOARCH: 386
    BUNDLE_NAME: vault_0.0.0-snapshot
    PRODUCT_VERSION_PRE: snapshot
    BUILD_JOB_NAME: package_windows_386
    PACKAGE_NAME: vault_0.0.0-snapshot_windows_386
    PRODUCT_VERSION_MMP: 0.0.0
    BUILDER_CACHE_KEY: cache-base-{{ checksum .buildcache/base-25e9840bf289aaf9dd6e86ac9c7be90009517f66cbc9efbb385ed676efef9ed9-cache-key
      }}-yarn-{{ checksum .buildcache/yarn-246d7eef3c85dfaba9ae31ffb25d5e52a864121c527907337bd6e5688a49b7aa-cache-key
      }}-ui-{{ checksum .buildcache/ui-778061c2b8e11b2550d4dae696decb960c312b34f4f7c0934fca9fe7a4c39817-cache-key
      }}-static-{{ checksum .buildcache/static-7e16e7cb2b063e5aa8a9127c279deacef009efca50ad10793ae43701a17a0b1c-cache-key
      }}
    BUILDER_LAYER_ID: static_7e16e7cb2b063e5aa8a9127c279deacef009efca50ad10793ae43701a17a0b1c
    PACKAGE_SPEC_ID: 6a538a27e1c675876c1515de4006a219aa3ce4cd2f70a63753fe634e938b3aeb
  - BINARY_NAME: vault
    BUILD_TAGS: vault
    CGOENABLED: '0'
    GO111MODULE: 'off'
    GO_VERSION: 1.12.13
    PRODUCT_EDITION: ''
    PRODUCT_NAME: vault
    PRODUCT_REVISION: ''
    PRODUCT_VERSION: 0.0.0-snapshot
    YARN_VERSION: 1.19.1-1
    GOOS: windows
    GOARCH: amd64
    BUNDLE_NAME: vault_0.0.0-snapshot
    PRODUCT_VERSION_PRE: snapshot
    BUILD_JOB_NAME: package_windows_amd64
    PACKAGE_NAME: vault_0.0.0-snapshot_windows_amd64
    PRODUCT_VERSION_MMP: 0.0.0
    BUILDER_CACHE_KEY: cache-base-{{ checksum .buildcache/base-25e9840bf289aaf9dd6e86ac9c7be90009517f66cbc9efbb385ed676efef9ed9-cache-key
      }}-yarn-{{ checksum .buildcache/yarn-246d7eef3c85dfaba9ae31ffb25d5e52a864121c527907337bd6e5688a49b7aa-cache-key
      }}-ui-{{ checksum .buildcache/ui-778061c2b8e11b2550d4dae696decb960c312b34f4f7c0934fca9fe7a4c39817-cache-key
      }}-static-{{ checksum .buildcache/static-7e16e7cb2b063e5aa8a9127c279deacef009efca50ad10793ae43701a17a0b1c-cache-key
      }}
    BUILDER_LAYER_ID: static_7e16e7cb2b063e5aa8a9127c279deacef009efca50ad10793ae43701a17a0b1c
    PACKAGE_SPEC_ID: ecad2ea75f2da793615f66730f8081f145fe43c8787baf6bd773893332fe8eb0
